Microsoft Visual Studio Solution File, Format Version 12.00
# Visual Studio 15
Project("{8BC9CEB8-8B4A-11D0-8D11-00A0C91BC942}") = "ALL_BUILD", "ALL_BUILD.vcxproj", "{A6693B7E-556D-3C13-9E32-41E4440E5AC2}"
	ProjectSection(ProjectDependencies) = postProject
		{E42C198E-4AA2-36DB-B9AF-452E8D10557C} = {E42C198E-4AA2-36DB-B9AF-452E8D10557C}
		{FBBC0227-76A7-3C7A-9830-E371E4D8C01B} = {FBBC0227-76A7-3C7A-9830-E371E4D8C01B}
		{D8962E95-9D40-3C8B-87F2-9BFD5D8A1EF2} = {D8962E95-9D40-3C8B-87F2-9BFD5D8A1EF2}
		{E45789A0-3D16-3F24-AAF2-66155BD905BB} = {E45789A0-3D16-3F24-AAF2-66155BD905BB}
		{030140C1-1A4A-3A80-9C1D-E452EE917964} = {030140C1-1A4A-3A80-9C1D-E452EE917964}
		{74D63897-BD18-3C36-AE99-D8350424DD33} = {74D63897-BD18-3C36-AE99-D8350424DD33}
	EndProjectSection
EndProject
Project("{8BC9CEB8-8B4A-11D0-8D11-00A0C91BC942}") = "INSTALL", "INSTALL.vcxproj", "{68258A21-820D-35F6-81EC-5A9D7EB2155C}"
	ProjectSection(ProjectDependencies) = postProject
		{A6693B7E-556D-3C13-9E32-41E4440E5AC2} = {A6693B7E-556D-3C13-9E32-41E4440E5AC2}
		{E42C198E-4AA2-36DB-B9AF-452E8D10557C} = {E42C198E-4AA2-36DB-B9AF-452E8D10557C}
	EndProjectSection
EndProject
Project("{8BC9CEB8-8B4A-11D0-8D11-00A0C91BC942}") = "ZERO_CHECK", "ZERO_CHECK.vcxproj", "{E42C198E-4AA2-36DB-B9AF-452E8D10557C}"
	ProjectSection(ProjectDependencies) = postProject
	EndProjectSection
EndProject
Project("{8BC9CEB8-8B4A-11D0-8D11-00A0C91BC942}") = "callee", "SRC\callee.vcxproj", "{FBBC0227-76A7-3C7A-9830-E371E4D8C01B}"
	ProjectSection(ProjectDependencies) = postProject
		{E42C198E-4AA2-36DB-B9AF-452E8D10557C} = {E42C198E-4AA2-36DB-B9AF-452E8D10557C}
		{E45789A0-3D16-3F24-AAF2-66155BD905BB} = {E45789A0-3D16-3F24-AAF2-66155BD905BB}
	EndProjectSection
EndProject
Project("{8BC9CEB8-8B4A-11D0-8D11-00A0C91BC942}") = "caller", "SRC\caller.vcxproj", "{D8962E95-9D40-3C8B-87F2-9BFD5D8A1EF2}"
	ProjectSection(ProjectDependencies) = postProject
		{E42C198E-4AA2-36DB-B9AF-452E8D10557C} = {E42C198E-4AA2-36DB-B9AF-452E8D10557C}
		{E45789A0-3D16-3F24-AAF2-66155BD905BB} = {E45789A0-3D16-3F24-AAF2-66155BD905BB}
	EndProjectSection
EndProject
Project("{8BC9CEB8-8B4A-11D0-8D11-00A0C91BC942}") = "examples_parameters", "SRC\examples_parameters.vcxproj", "{E45789A0-3D16-3F24-AAF2-66155BD905BB}"
	ProjectSection(ProjectDependencies) = postProject
		{E42C198E-4AA2-36DB-B9AF-452E8D10557C} = {E42C198E-4AA2-36DB-B9AF-452E8D10557C}
	EndProjectSection
EndProject
Project("{8BC9CEB8-8B4A-11D0-8D11-00A0C91BC942}") = "publisher", "SRC\publisher.vcxproj", "{030140C1-1A4A-3A80-9C1D-E452EE917964}"
	ProjectSection(ProjectDependencies) = postProject
		{E42C198E-4AA2-36DB-B9AF-452E8D10557C} = {E42C198E-4AA2-36DB-B9AF-452E8D10557C}
		{E45789A0-3D16-3F24-AAF2-66155BD905BB} = {E45789A0-3D16-3F24-AAF2-66155BD905BB}
	EndProjectSection
EndProject
Project("{8BC9CEB8-8B4A-11D0-8D11-00A0C91BC942}") = "subscriber", "SRC\subscriber.vcxproj", "{74D63897-BD18-3C36-AE99-D8350424DD33}"
	ProjectSection(ProjectDependencies) = postProject
		{E42C198E-4AA2-36DB-B9AF-452E8D10557C} = {E42C198E-4AA2-36DB-B9AF-452E8D10557C}
		{E45789A0-3D16-3F24-AAF2-66155BD905BB} = {E45789A0-3D16-3F24-AAF2-66155BD905BB}
	EndProjectSection
EndProject
Global
	GlobalSection(SolutionConfigurationPlatforms) = preSolution
		Debug|Win32 = Debug|Win32
		Release|Win32 = Release|Win32
		MinSizeRel|Win32 = MinSizeRel|Win32
		RelWithDebInfo|Win32 = RelWithDebInfo|Win32
	EndGlobalSection
	GlobalSection(ProjectConfigurationPlatforms) = postSolution
		{A6693B7E-556D-3C13-9E32-41E4440E5AC2}.Debug|Win32.ActiveCfg = Debug|Win32
		{A6693B7E-556D-3C13-9E32-41E4440E5AC2}.Debug|Win32.Build.0 = Debug|Win32
		{A6693B7E-556D-3C13-9E32-41E4440E5AC2}.Release|Win32.ActiveCfg = Release|Win32
		{A6693B7E-556D-3C13-9E32-41E4440E5AC2}.Release|Win32.Build.0 = Release|Win32
		{A6693B7E-556D-3C13-9E32-41E4440E5AC2}.MinSizeRel|Win32.ActiveCfg = MinSizeRel|Win32
		{A6693B7E-556D-3C13-9E32-41E4440E5AC2}.MinSizeRel|Win32.Build.0 = MinSizeRel|Win32
		{A6693B7E-556D-3C13-9E32-41E4440E5AC2}.RelWithDebInfo|Win32.ActiveCfg = RelWithDebInfo|Win32
		{A6693B7E-556D-3C13-9E32-41E4440E5AC2}.RelWithDebInfo|Win32.Build.0 = RelWithDebInfo|Win32
		{68258A21-820D-35F6-81EC-5A9D7EB2155C}.Debug|Win32.ActiveCfg = Debug|Win32
		{68258A21-820D-35F6-81EC-5A9D7EB2155C}.Release|Win32.ActiveCfg = Release|Win32
		{68258A21-820D-35F6-81EC-5A9D7EB2155C}.MinSizeRel|Win32.ActiveCfg = MinSizeRel|Win32
		{68258A21-820D-35F6-81EC-5A9D7EB2155C}.RelWithDebInfo|Win32.ActiveCfg = RelWithDebInfo|Win32
		{E42C198E-4AA2-36DB-B9AF-452E8D10557C}.Debug|Win32.ActiveCfg = Debug|Win32
		{E42C198E-4AA2-36DB-B9AF-452E8D10557C}.Debug|Win32.Build.0 = Debug|Win32
		{E42C198E-4AA2-36DB-B9AF-452E8D10557C}.Release|Win32.ActiveCfg = Release|Win32
		{E42C198E-4AA2-36DB-B9AF-452E8D10557C}.Release|Win32.Build.0 = Release|Win32
		{E42C198E-4AA2-36DB-B9AF-452E8D10557C}.MinSizeRel|Win32.ActiveCfg = MinSizeRel|Win32
		{E42C198E-4AA2-36DB-B9AF-452E8D10557C}.MinSizeRel|Win32.Build.0 = MinSizeRel|Win32
		{E42C198E-4AA2-36DB-B9AF-452E8D10557C}.RelWithDebInfo|Win32.ActiveCfg = RelWithDebInfo|Win32
		{E42C198E-4AA2-36DB-B9AF-452E8D10557C}.RelWithDebInfo|Win32.Build.0 = RelWithDebInfo|Win32
		{FBBC0227-76A7-3C7A-9830-E371E4D8C01B}.Debug|Win32.ActiveCfg = Debug|Win32
		{FBBC0227-76A7-3C7A-9830-E371E4D8C01B}.Debug|Win32.Build.0 = Debug|Win32
		{FBBC0227-76A7-3C7A-9830-E371E4D8C01B}.Release|Win32.ActiveCfg = Release|Win32
		{FBBC0227-76A7-3C7A-9830-E371E4D8C01B}.Release|Win32.Build.0 = Release|Win32
		{FBBC0227-76A7-3C7A-9830-E371E4D8C01B}.MinSizeRel|Win32.ActiveCfg = MinSizeRel|Win32
		{FBBC0227-76A7-3C7A-9830-E371E4D8C01B}.MinSizeRel|Win32.Build.0 = MinSizeRel|Win32
		{FBBC0227-76A7-3C7A-9830-E371E4D8C01B}.RelWithDebInfo|Win32.ActiveCfg = RelWithDebInfo|Win32
		{FBBC0227-76A7-3C7A-9830-E371E4D8C01B}.RelWithDebInfo|Win32.Build.0 = RelWithDebInfo|Win32
		{D8962E95-9D40-3C8B-87F2-9BFD5D8A1EF2}.Debug|Win32.ActiveCfg = Debug|Win32
		{D8962E95-9D40-3C8B-87F2-9BFD5D8A1EF2}.Debug|Win32.Build.0 = Debug|Win32
		{D8962E95-9D40-3C8B-87F2-9BFD5D8A1EF2}.Release|Win32.ActiveCfg = Release|Win32
		{D8962E95-9D40-3C8B-87F2-9BFD5D8A1EF2}.Release|Win32.Build.0 = Release|Win32
		{D8962E95-9D40-3C8B-87F2-9BFD5D8A1EF2}.MinSizeRel|Win32.ActiveCfg = MinSizeRel|Win32
		{D8962E95-9D40-3C8B-87F2-9BFD5D8A1EF2}.MinSizeRel|Win32.Build.0 = MinSizeRel|Win32
		{D8962E95-9D40-3C8B-87F2-9BFD5D8A1EF2}.RelWithDebInfo|Win32.ActiveCfg = RelWithDebInfo|Win32
		{D8962E95-9D40-3C8B-87F2-9BFD5D8A1EF2}.RelWithDebInfo|Win32.Build.0 = RelWithDebInfo|Win32
		{E45789A0-3D16-3F24-AAF2-66155BD905BB}.Debug|Win32.ActiveCfg = Debug|Win32
		{E45789A0-3D16-3F24-AAF2-66155BD905BB}.Debug|Win32.Build.0 = Debug|Win32
		{E45789A0-3D16-3F24-AAF2-66155BD905BB}.Release|Win32.ActiveCfg = Release|Win32
		{E45789A0-3D16-3F24-AAF2-66155BD905BB}.Release|Win32.Build.0 = Release|Win32
		{E45789A0-3D16-3F24-AAF2-66155BD905BB}.MinSizeRel|Win32.ActiveCfg = MinSizeRel|Win32
		{E45789A0-3D16-3F24-AAF2-66155BD905BB}.MinSizeRel|Win32.Build.0 = MinSizeRel|Win32
		{E45789A0-3D16-3F24-AAF2-66155BD905BB}.RelWithDebInfo|Win32.ActiveCfg = RelWithDebInfo|Win32
		{E45789A0-3D16-3F24-AAF2-66155BD905BB}.RelWithDebInfo|Win32.Build.0 = RelWithDebInfo|Win32
		{030140C1-1A4A-3A80-9C1D-E452EE917964}.Debug|Win32.ActiveCfg = Debug|Win32
		{030140C1-1A4A-3A80-9C1D-E452EE917964}.Debug|Win32.Build.0 = Debug|Win32
		{030140C1-1A4A-3A80-9C1D-E452EE917964}.Release|Win32.ActiveCfg = Release|Win32
		{030140C1-1A4A-3A80-9C1D-E452EE917964}.Release|Win32.Build.0 = Release|Win32
		{030140C1-1A4A-3A80-9C1D-E452EE917964}.MinSizeRel|Win32.ActiveCfg = MinSizeRel|Win32
		{030140C1-1A4A-3A80-9C1D-E452EE917964}.MinSizeRel|Win32.Build.0 = MinSizeRel|Win32
		{030140C1-1A4A-3A80-9C1D-E452EE917964}.RelWithDebInfo|Win32.ActiveCfg = RelWithDebInfo|Win32
		{030140C1-1A4A-3A80-9C1D-E452EE917964}.RelWithDebInfo|Win32.Build.0 = RelWithDebInfo|Win32
		{74D63897-BD18-3C36-AE99-D8350424DD33}.Debug|Win32.ActiveCfg = Debug|Win32
		{74D63897-BD18-3C36-AE99-D8350424DD33}.Debug|Win32.Build.0 = Debug|Win32
		{74D63897-BD18-3C36-AE99-D8350424DD33}.Release|Win32.ActiveCfg = Release|Win32
		{74D63897-BD18-3C36-AE99-D8350424DD33}.Release|Win32.Build.0 = Release|Win32
		{74D63897-BD18-3C36-AE99-D8350424DD33}.MinSizeRel|Win32.ActiveCfg = MinSizeRel|Win32
		{74D63897-BD18-3C36-AE99-D8350424DD33}.MinSizeRel|Win32.Build.0 = MinSizeRel|Win32
		{74D63897-BD18-3C36-AE99-D8350424DD33}.RelWithDebInfo|Win32.ActiveCfg = RelWithDebInfo|Win32
		{74D63897-BD18-3C36-AE99-D8350424DD33}.RelWithDebInfo|Win32.Build.0 = RelWithDebInfo|Win32
	EndGlobalSection
	GlobalSection(ExtensibilityGlobals) = postSolution
		SolutionGuid = {4E236BDC-FB94-3AF4-8B1C-94E1B4CB174D}
	EndGlobalSection
	GlobalSection(ExtensibilityAddIns) = postSolution
	EndGlobalSection
EndGlobal
