<?xml version="1.0" encoding="UTF-8"?>
<Project ToolsVersion="15.0" xmlns="http://schemas.microsoft.com/developer/msbuild/2003">
  <ItemGroup>
    <CustomBuild Include="C:\Users\marti\Documents\kikis-cpp\Debug\CMakeFiles\d5f970ca089a17142374f68b090df9e8\generate.stamp.rule">
      <Filter>CMake Rules</Filter>
    </CustomBuild>
  </ItemGroup>
  <ItemGroup>
    <Filter Include="CMake Rules">
      <UniqueIdentifier>{C4B322A2-B9CD-31E4-9E60-22F0A3EDA283}</UniqueIdentifier>
    </Filter>
  </ItemGroup>
</Project>
