Microsoft Visual Studio Solution File, Format Version 12.00
# Visual Studio 15
VisualStudioVersion = 15.0.27130.0
MinimumVisualStudioVersion = 10.0.40219.1
Project("{8BC9CEB8-8B4A-11D0-8D11-00A0C91BC942}") = "ALL_BUILD", "ALL_BUILD.vcxproj", "{C0F46013-A016-36AC-9436-2EB5690542F1}"
	ProjectSection(ProjectDependencies) = postProject
		{B4E5E518-C2D3-398B-AC1E-159ADCAA56A7} = {B4E5E518-C2D3-398B-AC1E-159ADCAA56A7}
		{06CE8142-12AE-399A-93D1-1A204B593281} = {06CE8142-12AE-399A-93D1-1A204B593281}
		{08DEEC47-5323-3ED1-B5CA-3165CC3F4D97} = {08DEEC47-5323-3ED1-B5CA-3165CC3F4D97}
		{514E6441-3CE8-39A1-9BC0-51177BF08703} = {514E6441-3CE8-39A1-9BC0-51177BF08703}
		{9627838E-FE1D-3D88-B80E-4123CC1E4077} = {9627838E-FE1D-3D88-B80E-4123CC1E4077}
		{E3F0E687-6C75-3916-A0DB-FF889BCD32F8} = {E3F0E687-6C75-3916-A0DB-FF889BCD32F8}
		{6419369E-3466-31CD-B392-24165C613DF2} = {6419369E-3466-31CD-B392-24165C613DF2}
		{62F96A7A-77A9-3305-A9F6-796B98C8F6D9} = {62F96A7A-77A9-3305-A9F6-796B98C8F6D9}
		{04132C8D-59F8-3E1B-A78E-CA6008FF3CDB} = {04132C8D-59F8-3E1B-A78E-CA6008FF3CDB}
		{08991F1C-6F23-3D05-8C06-28258779DBFD} = {08991F1C-6F23-3D05-8C06-28258779DBFD}
	EndProjectSection
EndProject
Project("{8BC9CEB8-8B4A-11D0-8D11-00A0C91BC942}") = "INSTALL", "INSTALL.vcxproj", "{F251F552-C73E-30F3-8682-54D323324CB6}"
	ProjectSection(ProjectDependencies) = postProject
		{C0F46013-A016-36AC-9436-2EB5690542F1} = {C0F46013-A016-36AC-9436-2EB5690542F1}
		{B4E5E518-C2D3-398B-AC1E-159ADCAA56A7} = {B4E5E518-C2D3-398B-AC1E-159ADCAA56A7}
	EndProjectSection
EndProject
Project("{8BC9CEB8-8B4A-11D0-8D11-00A0C91BC942}") = "ZERO_CHECK", "ZERO_CHECK.vcxproj", "{B4E5E518-C2D3-398B-AC1E-159ADCAA56A7}"
EndProject
Project("{8BC9CEB8-8B4A-11D0-8D11-00A0C91BC942}") = "callee", "examples\callee.vcxproj", "{06CE8142-12AE-399A-93D1-1A204B593281}"
	ProjectSection(ProjectDependencies) = postProject
		{B4E5E518-C2D3-398B-AC1E-159ADCAA56A7} = {B4E5E518-C2D3-398B-AC1E-159ADCAA56A7}
		{514E6441-3CE8-39A1-9BC0-51177BF08703} = {514E6441-3CE8-39A1-9BC0-51177BF08703}
	EndProjectSection
EndProject
Project("{8BC9CEB8-8B4A-11D0-8D11-00A0C91BC942}") = "caller", "examples\caller.vcxproj", "{08DEEC47-5323-3ED1-B5CA-3165CC3F4D97}"
	ProjectSection(ProjectDependencies) = postProject
		{B4E5E518-C2D3-398B-AC1E-159ADCAA56A7} = {B4E5E518-C2D3-398B-AC1E-159ADCAA56A7}
		{514E6441-3CE8-39A1-9BC0-51177BF08703} = {514E6441-3CE8-39A1-9BC0-51177BF08703}
	EndProjectSection
EndProject
Project("{8BC9CEB8-8B4A-11D0-8D11-00A0C91BC942}") = "examples_parameters", "examples\examples_parameters.vcxproj", "{514E6441-3CE8-39A1-9BC0-51177BF08703}"
	ProjectSection(ProjectDependencies) = postProject
		{B4E5E518-C2D3-398B-AC1E-159ADCAA56A7} = {B4E5E518-C2D3-398B-AC1E-159ADCAA56A7}
	EndProjectSection
EndProject
Project("{8BC9CEB8-8B4A-11D0-8D11-00A0C91BC942}") = "provide_prefix", "examples\provide_prefix.vcxproj", "{9627838E-FE1D-3D88-B80E-4123CC1E4077}"
	ProjectSection(ProjectDependencies) = postProject
		{B4E5E518-C2D3-398B-AC1E-159ADCAA56A7} = {B4E5E518-C2D3-398B-AC1E-159ADCAA56A7}
		{514E6441-3CE8-39A1-9BC0-51177BF08703} = {514E6441-3CE8-39A1-9BC0-51177BF08703}
	EndProjectSection
EndProject
Project("{8BC9CEB8-8B4A-11D0-8D11-00A0C91BC942}") = "publisher", "examples\publisher.vcxproj", "{E3F0E687-6C75-3916-A0DB-FF889BCD32F8}"
	ProjectSection(ProjectDependencies) = postProject
		{B4E5E518-C2D3-398B-AC1E-159ADCAA56A7} = {B4E5E518-C2D3-398B-AC1E-159ADCAA56A7}
		{514E6441-3CE8-39A1-9BC0-51177BF08703} = {514E6441-3CE8-39A1-9BC0-51177BF08703}
	EndProjectSection
EndProject
Project("{8BC9CEB8-8B4A-11D0-8D11-00A0C91BC942}") = "subscriber", "examples\subscriber.vcxproj", "{6419369E-3466-31CD-B392-24165C613DF2}"
	ProjectSection(ProjectDependencies) = postProject
		{B4E5E518-C2D3-398B-AC1E-159ADCAA56A7} = {B4E5E518-C2D3-398B-AC1E-159ADCAA56A7}
		{514E6441-3CE8-39A1-9BC0-51177BF08703} = {514E6441-3CE8-39A1-9BC0-51177BF08703}
	EndProjectSection
EndProject
Project("{8BC9CEB8-8B4A-11D0-8D11-00A0C91BC942}") = "uds", "examples\uds.vcxproj", "{62F96A7A-77A9-3305-A9F6-796B98C8F6D9}"
	ProjectSection(ProjectDependencies) = postProject
		{B4E5E518-C2D3-398B-AC1E-159ADCAA56A7} = {B4E5E518-C2D3-398B-AC1E-159ADCAA56A7}
		{514E6441-3CE8-39A1-9BC0-51177BF08703} = {514E6441-3CE8-39A1-9BC0-51177BF08703}
	EndProjectSection
EndProject
Project("{8BC9CEB8-8B4A-11D0-8D11-00A0C91BC942}") = "wampcra", "examples\wampcra.vcxproj", "{04132C8D-59F8-3E1B-A78E-CA6008FF3CDB}"
	ProjectSection(ProjectDependencies) = postProject
		{B4E5E518-C2D3-398B-AC1E-159ADCAA56A7} = {B4E5E518-C2D3-398B-AC1E-159ADCAA56A7}
		{514E6441-3CE8-39A1-9BC0-51177BF08703} = {514E6441-3CE8-39A1-9BC0-51177BF08703}
	EndProjectSection
EndProject
Project("{8BC9CEB8-8B4A-11D0-8D11-00A0C91BC942}") = "websocket_callee", "examples\websocket_callee.vcxproj", "{08991F1C-6F23-3D05-8C06-28258779DBFD}"
	ProjectSection(ProjectDependencies) = postProject
		{B4E5E518-C2D3-398B-AC1E-159ADCAA56A7} = {B4E5E518-C2D3-398B-AC1E-159ADCAA56A7}
		{514E6441-3CE8-39A1-9BC0-51177BF08703} = {514E6441-3CE8-39A1-9BC0-51177BF08703}
	EndProjectSection
EndProject
Global
	GlobalSection(SolutionConfigurationPlatforms) = preSolution
		Debug|Win32 = Debug|Win32
		MinSizeRel|Win32 = MinSizeRel|Win32
		Release|Win32 = Release|Win32
		RelWithDebInfo|Win32 = RelWithDebInfo|Win32
	EndGlobalSection
	GlobalSection(ProjectConfigurationPlatforms) = postSolution
		{C0F46013-A016-36AC-9436-2EB5690542F1}.Debug|Win32.ActiveCfg = Debug|Win32
		{C0F46013-A016-36AC-9436-2EB5690542F1}.Debug|Win32.Build.0 = Debug|Win32
		{C0F46013-A016-36AC-9436-2EB5690542F1}.MinSizeRel|Win32.ActiveCfg = MinSizeRel|Win32
		{C0F46013-A016-36AC-9436-2EB5690542F1}.MinSizeRel|Win32.Build.0 = MinSizeRel|Win32
		{C0F46013-A016-36AC-9436-2EB5690542F1}.Release|Win32.ActiveCfg = Release|Win32
		{C0F46013-A016-36AC-9436-2EB5690542F1}.Release|Win32.Build.0 = Release|Win32
		{C0F46013-A016-36AC-9436-2EB5690542F1}.RelWithDebInfo|Win32.ActiveCfg = RelWithDebInfo|Win32
		{C0F46013-A016-36AC-9436-2EB5690542F1}.RelWithDebInfo|Win32.Build.0 = RelWithDebInfo|Win32
		{F251F552-C73E-30F3-8682-54D323324CB6}.Debug|Win32.ActiveCfg = Debug|Win32
		{F251F552-C73E-30F3-8682-54D323324CB6}.MinSizeRel|Win32.ActiveCfg = MinSizeRel|Win32
		{F251F552-C73E-30F3-8682-54D323324CB6}.Release|Win32.ActiveCfg = Release|Win32
		{F251F552-C73E-30F3-8682-54D323324CB6}.RelWithDebInfo|Win32.ActiveCfg = RelWithDebInfo|Win32
		{B4E5E518-C2D3-398B-AC1E-159ADCAA56A7}.Debug|Win32.ActiveCfg = Debug|Win32
		{B4E5E518-C2D3-398B-AC1E-159ADCAA56A7}.Debug|Win32.Build.0 = Debug|Win32
		{B4E5E518-C2D3-398B-AC1E-159ADCAA56A7}.MinSizeRel|Win32.ActiveCfg = MinSizeRel|Win32
		{B4E5E518-C2D3-398B-AC1E-159ADCAA56A7}.MinSizeRel|Win32.Build.0 = MinSizeRel|Win32
		{B4E5E518-C2D3-398B-AC1E-159ADCAA56A7}.Release|Win32.ActiveCfg = Release|Win32
		{B4E5E518-C2D3-398B-AC1E-159ADCAA56A7}.Release|Win32.Build.0 = Release|Win32
		{B4E5E518-C2D3-398B-AC1E-159ADCAA56A7}.RelWithDebInfo|Win32.ActiveCfg = RelWithDebInfo|Win32
		{B4E5E518-C2D3-398B-AC1E-159ADCAA56A7}.RelWithDebInfo|Win32.Build.0 = RelWithDebInfo|Win32
		{06CE8142-12AE-399A-93D1-1A204B593281}.Debug|Win32.ActiveCfg = Debug|Win32
		{06CE8142-12AE-399A-93D1-1A204B593281}.Debug|Win32.Build.0 = Debug|Win32
		{06CE8142-12AE-399A-93D1-1A204B593281}.MinSizeRel|Win32.ActiveCfg = MinSizeRel|Win32
		{06CE8142-12AE-399A-93D1-1A204B593281}.MinSizeRel|Win32.Build.0 = MinSizeRel|Win32
		{06CE8142-12AE-399A-93D1-1A204B593281}.Release|Win32.ActiveCfg = Release|Win32
		{06CE8142-12AE-399A-93D1-1A204B593281}.Release|Win32.Build.0 = Release|Win32
		{06CE8142-12AE-399A-93D1-1A204B593281}.RelWithDebInfo|Win32.ActiveCfg = RelWithDebInfo|Win32
		{06CE8142-12AE-399A-93D1-1A204B593281}.RelWithDebInfo|Win32.Build.0 = RelWithDebInfo|Win32
		{08DEEC47-5323-3ED1-B5CA-3165CC3F4D97}.Debug|Win32.ActiveCfg = Debug|Win32
		{08DEEC47-5323-3ED1-B5CA-3165CC3F4D97}.Debug|Win32.Build.0 = Debug|Win32
		{08DEEC47-5323-3ED1-B5CA-3165CC3F4D97}.MinSizeRel|Win32.ActiveCfg = MinSizeRel|Win32
		{08DEEC47-5323-3ED1-B5CA-3165CC3F4D97}.MinSizeRel|Win32.Build.0 = MinSizeRel|Win32
		{08DEEC47-5323-3ED1-B5CA-3165CC3F4D97}.Release|Win32.ActiveCfg = Release|Win32
		{08DEEC47-5323-3ED1-B5CA-3165CC3F4D97}.Release|Win32.Build.0 = Release|Win32
		{08DEEC47-5323-3ED1-B5CA-3165CC3F4D97}.RelWithDebInfo|Win32.ActiveCfg = RelWithDebInfo|Win32
		{08DEEC47-5323-3ED1-B5CA-3165CC3F4D97}.RelWithDebInfo|Win32.Build.0 = RelWithDebInfo|Win32
		{514E6441-3CE8-39A1-9BC0-51177BF08703}.Debug|Win32.ActiveCfg = Debug|Win32
		{514E6441-3CE8-39A1-9BC0-51177BF08703}.Debug|Win32.Build.0 = Debug|Win32
		{514E6441-3CE8-39A1-9BC0-51177BF08703}.MinSizeRel|Win32.ActiveCfg = MinSizeRel|Win32
		{514E6441-3CE8-39A1-9BC0-51177BF08703}.MinSizeRel|Win32.Build.0 = MinSizeRel|Win32
		{514E6441-3CE8-39A1-9BC0-51177BF08703}.Release|Win32.ActiveCfg = Release|Win32
		{514E6441-3CE8-39A1-9BC0-51177BF08703}.Release|Win32.Build.0 = Release|Win32
		{514E6441-3CE8-39A1-9BC0-51177BF08703}.RelWithDebInfo|Win32.ActiveCfg = RelWithDebInfo|Win32
		{514E6441-3CE8-39A1-9BC0-51177BF08703}.RelWithDebInfo|Win32.Build.0 = RelWithDebInfo|Win32
		{9627838E-FE1D-3D88-B80E-4123CC1E4077}.Debug|Win32.ActiveCfg = Debug|Win32
		{9627838E-FE1D-3D88-B80E-4123CC1E4077}.Debug|Win32.Build.0 = Debug|Win32
		{9627838E-FE1D-3D88-B80E-4123CC1E4077}.MinSizeRel|Win32.ActiveCfg = MinSizeRel|Win32
		{9627838E-FE1D-3D88-B80E-4123CC1E4077}.MinSizeRel|Win32.Build.0 = MinSizeRel|Win32
		{9627838E-FE1D-3D88-B80E-4123CC1E4077}.Release|Win32.ActiveCfg = Release|Win32
		{9627838E-FE1D-3D88-B80E-4123CC1E4077}.Release|Win32.Build.0 = Release|Win32
		{9627838E-FE1D-3D88-B80E-4123CC1E4077}.RelWithDebInfo|Win32.ActiveCfg = RelWithDebInfo|Win32
		{9627838E-FE1D-3D88-B80E-4123CC1E4077}.RelWithDebInfo|Win32.Build.0 = RelWithDebInfo|Win32
		{E3F0E687-6C75-3916-A0DB-FF889BCD32F8}.Debug|Win32.ActiveCfg = Debug|Win32
		{E3F0E687-6C75-3916-A0DB-FF889BCD32F8}.Debug|Win32.Build.0 = Debug|Win32
		{E3F0E687-6C75-3916-A0DB-FF889BCD32F8}.MinSizeRel|Win32.ActiveCfg = MinSizeRel|Win32
		{E3F0E687-6C75-3916-A0DB-FF889BCD32F8}.MinSizeRel|Win32.Build.0 = MinSizeRel|Win32
		{E3F0E687-6C75-3916-A0DB-FF889BCD32F8}.Release|Win32.ActiveCfg = Release|Win32
		{E3F0E687-6C75-3916-A0DB-FF889BCD32F8}.Release|Win32.Build.0 = Release|Win32
		{E3F0E687-6C75-3916-A0DB-FF889BCD32F8}.RelWithDebInfo|Win32.ActiveCfg = RelWithDebInfo|Win32
		{E3F0E687-6C75-3916-A0DB-FF889BCD32F8}.RelWithDebInfo|Win32.Build.0 = RelWithDebInfo|Win32
		{6419369E-3466-31CD-B392-24165C613DF2}.Debug|Win32.ActiveCfg = Debug|Win32
		{6419369E-3466-31CD-B392-24165C613DF2}.Debug|Win32.Build.0 = Debug|Win32
		{6419369E-3466-31CD-B392-24165C613DF2}.MinSizeRel|Win32.ActiveCfg = MinSizeRel|Win32
		{6419369E-3466-31CD-B392-24165C613DF2}.MinSizeRel|Win32.Build.0 = MinSizeRel|Win32
		{6419369E-3466-31CD-B392-24165C613DF2}.Release|Win32.ActiveCfg = Release|Win32
		{6419369E-3466-31CD-B392-24165C613DF2}.Release|Win32.Build.0 = Release|Win32
		{6419369E-3466-31CD-B392-24165C613DF2}.RelWithDebInfo|Win32.ActiveCfg = RelWithDebInfo|Win32
		{6419369E-3466-31CD-B392-24165C613DF2}.RelWithDebInfo|Win32.Build.0 = RelWithDebInfo|Win32
		{62F96A7A-77A9-3305-A9F6-796B98C8F6D9}.Debug|Win32.ActiveCfg = Debug|Win32
		{62F96A7A-77A9-3305-A9F6-796B98C8F6D9}.MinSizeRel|Win32.ActiveCfg = MinSizeRel|Win32
		{62F96A7A-77A9-3305-A9F6-796B98C8F6D9}.MinSizeRel|Win32.Build.0 = MinSizeRel|Win32
		{62F96A7A-77A9-3305-A9F6-796B98C8F6D9}.Release|Win32.ActiveCfg = Release|Win32
		{62F96A7A-77A9-3305-A9F6-796B98C8F6D9}.Release|Win32.Build.0 = Release|Win32
		{62F96A7A-77A9-3305-A9F6-796B98C8F6D9}.RelWithDebInfo|Win32.ActiveCfg = RelWithDebInfo|Win32
		{62F96A7A-77A9-3305-A9F6-796B98C8F6D9}.RelWithDebInfo|Win32.Build.0 = RelWithDebInfo|Win32
		{04132C8D-59F8-3E1B-A78E-CA6008FF3CDB}.Debug|Win32.ActiveCfg = Debug|Win32
		{04132C8D-59F8-3E1B-A78E-CA6008FF3CDB}.Debug|Win32.Build.0 = Debug|Win32
		{04132C8D-59F8-3E1B-A78E-CA6008FF3CDB}.MinSizeRel|Win32.ActiveCfg = MinSizeRel|Win32
		{04132C8D-59F8-3E1B-A78E-CA6008FF3CDB}.MinSizeRel|Win32.Build.0 = MinSizeRel|Win32
		{04132C8D-59F8-3E1B-A78E-CA6008FF3CDB}.Release|Win32.ActiveCfg = Release|Win32
		{04132C8D-59F8-3E1B-A78E-CA6008FF3CDB}.Release|Win32.Build.0 = Release|Win32
		{04132C8D-59F8-3E1B-A78E-CA6008FF3CDB}.RelWithDebInfo|Win32.ActiveCfg = RelWithDebInfo|Win32
		{04132C8D-59F8-3E1B-A78E-CA6008FF3CDB}.RelWithDebInfo|Win32.Build.0 = RelWithDebInfo|Win32
		{08991F1C-6F23-3D05-8C06-28258779DBFD}.Debug|Win32.ActiveCfg = Debug|Win32
		{08991F1C-6F23-3D05-8C06-28258779DBFD}.Debug|Win32.Build.0 = Debug|Win32
		{08991F1C-6F23-3D05-8C06-28258779DBFD}.MinSizeRel|Win32.ActiveCfg = MinSizeRel|Win32
		{08991F1C-6F23-3D05-8C06-28258779DBFD}.MinSizeRel|Win32.Build.0 = MinSizeRel|Win32
		{08991F1C-6F23-3D05-8C06-28258779DBFD}.Release|Win32.ActiveCfg = Release|Win32
		{08991F1C-6F23-3D05-8C06-28258779DBFD}.Release|Win32.Build.0 = Release|Win32
		{08991F1C-6F23-3D05-8C06-28258779DBFD}.RelWithDebInfo|Win32.ActiveCfg = RelWithDebInfo|Win32
		{08991F1C-6F23-3D05-8C06-28258779DBFD}.RelWithDebInfo|Win32.Build.0 = RelWithDebInfo|Win32
	EndGlobalSection
	GlobalSection(SolutionProperties) = preSolution
		HideSolutionNode = FALSE
	EndGlobalSection
	GlobalSection(ExtensibilityGlobals) = postSolution
		SolutionGuid = {E3E58FBB-5243-34DF-81B8-E77A113CA439}
	EndGlobalSection
EndGlobal
