Microsoft Visual Studio Solution File, Format Version 12.00
# Visual Studio 15
Project("{8BC9CEB8-8B4A-11D0-8D11-00A0C91BC942}") = "ALL_BUILD", "ALL_BUILD.vcxproj", "{222D78A1-32DA-3BC3-9B9A-91ABEF3D5BC0}"
	ProjectSection(ProjectDependencies) = postProject
		{AC22F9C3-8C37-3D06-A566-64EE87AA2803} = {AC22F9C3-8C37-3D06-A566-64EE87AA2803}
		{9EAD912F-5578-3AA9-B04E-213C477EFD35} = {9EAD912F-5578-3AA9-B04E-213C477EFD35}
		{BA147DC1-1533-3AD3-8F52-D26009D82601} = {BA147DC1-1533-3AD3-8F52-D26009D82601}
		{FDCA3575-6EEF-32B6-9A80-7A3F09A9F703} = {FDCA3575-6EEF-32B6-9A80-7A3F09A9F703}
		{6E0078FD-5B06-399A-AEC9-7EBDAC85A6AC} = {6E0078FD-5B06-399A-AEC9-7EBDAC85A6AC}
		{6629878C-B3BD-313A-8ABE-E16C3839F255} = {6629878C-B3BD-313A-8ABE-E16C3839F255}
		{8BF49F65-A7D8-3291-8877-794CE0E928C2} = {8BF49F65-A7D8-3291-8877-794CE0E928C2}
		{D04EDCDF-F89A-3B90-987B-138B26A39B57} = {D04EDCDF-F89A-3B90-987B-138B26A39B57}
		{B806D9FA-D71F-38FD-9226-962DBFCBBA9B} = {B806D9FA-D71F-38FD-9226-962DBFCBBA9B}
		{EC27A1A2-A173-3CCC-AA27-1C73CEE0CF06} = {EC27A1A2-A173-3CCC-AA27-1C73CEE0CF06}
	EndProjectSection
EndProject
Project("{8BC9CEB8-8B4A-11D0-8D11-00A0C91BC942}") = "ZERO_CHECK", "ZERO_CHECK.vcxproj", "{AC22F9C3-8C37-3D06-A566-64EE87AA2803}"
	ProjectSection(ProjectDependencies) = postProject
	EndProjectSection
EndProject
Project("{8BC9CEB8-8B4A-11D0-8D11-00A0C91BC942}") = "callee", "callee.vcxproj", "{9EAD912F-5578-3AA9-B04E-213C477EFD35}"
	ProjectSection(ProjectDependencies) = postProject
		{AC22F9C3-8C37-3D06-A566-64EE87AA2803} = {AC22F9C3-8C37-3D06-A566-64EE87AA2803}
		{FDCA3575-6EEF-32B6-9A80-7A3F09A9F703} = {FDCA3575-6EEF-32B6-9A80-7A3F09A9F703}
	EndProjectSection
EndProject
Project("{8BC9CEB8-8B4A-11D0-8D11-00A0C91BC942}") = "caller", "caller.vcxproj", "{BA147DC1-1533-3AD3-8F52-D26009D82601}"
	ProjectSection(ProjectDependencies) = postProject
		{AC22F9C3-8C37-3D06-A566-64EE87AA2803} = {AC22F9C3-8C37-3D06-A566-64EE87AA2803}
		{FDCA3575-6EEF-32B6-9A80-7A3F09A9F703} = {FDCA3575-6EEF-32B6-9A80-7A3F09A9F703}
	EndProjectSection
EndProject
Project("{8BC9CEB8-8B4A-11D0-8D11-00A0C91BC942}") = "examples_parameters", "examples_parameters.vcxproj", "{FDCA3575-6EEF-32B6-9A80-7A3F09A9F703}"
	ProjectSection(ProjectDependencies) = postProject
		{AC22F9C3-8C37-3D06-A566-64EE87AA2803} = {AC22F9C3-8C37-3D06-A566-64EE87AA2803}
	EndProjectSection
EndProject
Project("{8BC9CEB8-8B4A-11D0-8D11-00A0C91BC942}") = "provide_prefix", "provide_prefix.vcxproj", "{6E0078FD-5B06-399A-AEC9-7EBDAC85A6AC}"
	ProjectSection(ProjectDependencies) = postProject
		{AC22F9C3-8C37-3D06-A566-64EE87AA2803} = {AC22F9C3-8C37-3D06-A566-64EE87AA2803}
		{FDCA3575-6EEF-32B6-9A80-7A3F09A9F703} = {FDCA3575-6EEF-32B6-9A80-7A3F09A9F703}
	EndProjectSection
EndProject
Project("{8BC9CEB8-8B4A-11D0-8D11-00A0C91BC942}") = "publisher", "publisher.vcxproj", "{6629878C-B3BD-313A-8ABE-E16C3839F255}"
	ProjectSection(ProjectDependencies) = postProject
		{AC22F9C3-8C37-3D06-A566-64EE87AA2803} = {AC22F9C3-8C37-3D06-A566-64EE87AA2803}
		{FDCA3575-6EEF-32B6-9A80-7A3F09A9F703} = {FDCA3575-6EEF-32B6-9A80-7A3F09A9F703}
	EndProjectSection
EndProject
Project("{8BC9CEB8-8B4A-11D0-8D11-00A0C91BC942}") = "subscriber", "subscriber.vcxproj", "{8BF49F65-A7D8-3291-8877-794CE0E928C2}"
	ProjectSection(ProjectDependencies) = postProject
		{AC22F9C3-8C37-3D06-A566-64EE87AA2803} = {AC22F9C3-8C37-3D06-A566-64EE87AA2803}
		{FDCA3575-6EEF-32B6-9A80-7A3F09A9F703} = {FDCA3575-6EEF-32B6-9A80-7A3F09A9F703}
	EndProjectSection
EndProject
Project("{8BC9CEB8-8B4A-11D0-8D11-00A0C91BC942}") = "uds", "uds.vcxproj", "{D04EDCDF-F89A-3B90-987B-138B26A39B57}"
	ProjectSection(ProjectDependencies) = postProject
		{AC22F9C3-8C37-3D06-A566-64EE87AA2803} = {AC22F9C3-8C37-3D06-A566-64EE87AA2803}
		{FDCA3575-6EEF-32B6-9A80-7A3F09A9F703} = {FDCA3575-6EEF-32B6-9A80-7A3F09A9F703}
	EndProjectSection
EndProject
Project("{8BC9CEB8-8B4A-11D0-8D11-00A0C91BC942}") = "wampcra", "wampcra.vcxproj", "{B806D9FA-D71F-38FD-9226-962DBFCBBA9B}"
	ProjectSection(ProjectDependencies) = postProject
		{AC22F9C3-8C37-3D06-A566-64EE87AA2803} = {AC22F9C3-8C37-3D06-A566-64EE87AA2803}
		{FDCA3575-6EEF-32B6-9A80-7A3F09A9F703} = {FDCA3575-6EEF-32B6-9A80-7A3F09A9F703}
	EndProjectSection
EndProject
Project("{8BC9CEB8-8B4A-11D0-8D11-00A0C91BC942}") = "websocket_callee", "websocket_callee.vcxproj", "{EC27A1A2-A173-3CCC-AA27-1C73CEE0CF06}"
	ProjectSection(ProjectDependencies) = postProject
		{AC22F9C3-8C37-3D06-A566-64EE87AA2803} = {AC22F9C3-8C37-3D06-A566-64EE87AA2803}
		{FDCA3575-6EEF-32B6-9A80-7A3F09A9F703} = {FDCA3575-6EEF-32B6-9A80-7A3F09A9F703}
	EndProjectSection
EndProject
Global
	GlobalSection(SolutionConfigurationPlatforms) = preSolution
		Debug|Win32 = Debug|Win32
		Release|Win32 = Release|Win32
		MinSizeRel|Win32 = MinSizeRel|Win32
		RelWithDebInfo|Win32 = RelWithDebInfo|Win32
	EndGlobalSection
	GlobalSection(ProjectConfigurationPlatforms) = postSolution
		{222D78A1-32DA-3BC3-9B9A-91ABEF3D5BC0}.Debug|Win32.ActiveCfg = Debug|Win32
		{222D78A1-32DA-3BC3-9B9A-91ABEF3D5BC0}.Release|Win32.ActiveCfg = Release|Win32
		{222D78A1-32DA-3BC3-9B9A-91ABEF3D5BC0}.MinSizeRel|Win32.ActiveCfg = MinSizeRel|Win32
		{222D78A1-32DA-3BC3-9B9A-91ABEF3D5BC0}.RelWithDebInfo|Win32.ActiveCfg = RelWithDebInfo|Win32
		{AC22F9C3-8C37-3D06-A566-64EE87AA2803}.Debug|Win32.ActiveCfg = Debug|Win32
		{AC22F9C3-8C37-3D06-A566-64EE87AA2803}.Debug|Win32.Build.0 = Debug|Win32
		{AC22F9C3-8C37-3D06-A566-64EE87AA2803}.Release|Win32.ActiveCfg = Release|Win32
		{AC22F9C3-8C37-3D06-A566-64EE87AA2803}.Release|Win32.Build.0 = Release|Win32
		{AC22F9C3-8C37-3D06-A566-64EE87AA2803}.MinSizeRel|Win32.ActiveCfg = MinSizeRel|Win32
		{AC22F9C3-8C37-3D06-A566-64EE87AA2803}.MinSizeRel|Win32.Build.0 = MinSizeRel|Win32
		{AC22F9C3-8C37-3D06-A566-64EE87AA2803}.RelWithDebInfo|Win32.ActiveCfg = RelWithDebInfo|Win32
		{AC22F9C3-8C37-3D06-A566-64EE87AA2803}.RelWithDebInfo|Win32.Build.0 = RelWithDebInfo|Win32
		{9EAD912F-5578-3AA9-B04E-213C477EFD35}.Debug|Win32.ActiveCfg = Debug|Win32
		{9EAD912F-5578-3AA9-B04E-213C477EFD35}.Debug|Win32.Build.0 = Debug|Win32
		{9EAD912F-5578-3AA9-B04E-213C477EFD35}.Release|Win32.ActiveCfg = Release|Win32
		{9EAD912F-5578-3AA9-B04E-213C477EFD35}.Release|Win32.Build.0 = Release|Win32
		{9EAD912F-5578-3AA9-B04E-213C477EFD35}.MinSizeRel|Win32.ActiveCfg = MinSizeRel|Win32
		{9EAD912F-5578-3AA9-B04E-213C477EFD35}.MinSizeRel|Win32.Build.0 = MinSizeRel|Win32
		{9EAD912F-5578-3AA9-B04E-213C477EFD35}.RelWithDebInfo|Win32.ActiveCfg = RelWithDebInfo|Win32
		{9EAD912F-5578-3AA9-B04E-213C477EFD35}.RelWithDebInfo|Win32.Build.0 = RelWithDebInfo|Win32
		{BA147DC1-1533-3AD3-8F52-D26009D82601}.Debug|Win32.ActiveCfg = Debug|Win32
		{BA147DC1-1533-3AD3-8F52-D26009D82601}.Debug|Win32.Build.0 = Debug|Win32
		{BA147DC1-1533-3AD3-8F52-D26009D82601}.Release|Win32.ActiveCfg = Release|Win32
		{BA147DC1-1533-3AD3-8F52-D26009D82601}.Release|Win32.Build.0 = Release|Win32
		{BA147DC1-1533-3AD3-8F52-D26009D82601}.MinSizeRel|Win32.ActiveCfg = MinSizeRel|Win32
		{BA147DC1-1533-3AD3-8F52-D26009D82601}.MinSizeRel|Win32.Build.0 = MinSizeRel|Win32
		{BA147DC1-1533-3AD3-8F52-D26009D82601}.RelWithDebInfo|Win32.ActiveCfg = RelWithDebInfo|Win32
		{BA147DC1-1533-3AD3-8F52-D26009D82601}.RelWithDebInfo|Win32.Build.0 = RelWithDebInfo|Win32
		{FDCA3575-6EEF-32B6-9A80-7A3F09A9F703}.Debug|Win32.ActiveCfg = Debug|Win32
		{FDCA3575-6EEF-32B6-9A80-7A3F09A9F703}.Debug|Win32.Build.0 = Debug|Win32
		{FDCA3575-6EEF-32B6-9A80-7A3F09A9F703}.Release|Win32.ActiveCfg = Release|Win32
		{FDCA3575-6EEF-32B6-9A80-7A3F09A9F703}.Release|Win32.Build.0 = Release|Win32
		{FDCA3575-6EEF-32B6-9A80-7A3F09A9F703}.MinSizeRel|Win32.ActiveCfg = MinSizeRel|Win32
		{FDCA3575-6EEF-32B6-9A80-7A3F09A9F703}.MinSizeRel|Win32.Build.0 = MinSizeRel|Win32
		{FDCA3575-6EEF-32B6-9A80-7A3F09A9F703}.RelWithDebInfo|Win32.ActiveCfg = RelWithDebInfo|Win32
		{FDCA3575-6EEF-32B6-9A80-7A3F09A9F703}.RelWithDebInfo|Win32.Build.0 = RelWithDebInfo|Win32
		{6E0078FD-5B06-399A-AEC9-7EBDAC85A6AC}.Debug|Win32.ActiveCfg = Debug|Win32
		{6E0078FD-5B06-399A-AEC9-7EBDAC85A6AC}.Debug|Win32.Build.0 = Debug|Win32
		{6E0078FD-5B06-399A-AEC9-7EBDAC85A6AC}.Release|Win32.ActiveCfg = Release|Win32
		{6E0078FD-5B06-399A-AEC9-7EBDAC85A6AC}.Release|Win32.Build.0 = Release|Win32
		{6E0078FD-5B06-399A-AEC9-7EBDAC85A6AC}.MinSizeRel|Win32.ActiveCfg = MinSizeRel|Win32
		{6E0078FD-5B06-399A-AEC9-7EBDAC85A6AC}.MinSizeRel|Win32.Build.0 = MinSizeRel|Win32
		{6E0078FD-5B06-399A-AEC9-7EBDAC85A6AC}.RelWithDebInfo|Win32.ActiveCfg = RelWithDebInfo|Win32
		{6E0078FD-5B06-399A-AEC9-7EBDAC85A6AC}.RelWithDebInfo|Win32.Build.0 = RelWithDebInfo|Win32
		{6629878C-B3BD-313A-8ABE-E16C3839F255}.Debug|Win32.ActiveCfg = Debug|Win32
		{6629878C-B3BD-313A-8ABE-E16C3839F255}.Debug|Win32.Build.0 = Debug|Win32
		{6629878C-B3BD-313A-8ABE-E16C3839F255}.Release|Win32.ActiveCfg = Release|Win32
		{6629878C-B3BD-313A-8ABE-E16C3839F255}.Release|Win32.Build.0 = Release|Win32
		{6629878C-B3BD-313A-8ABE-E16C3839F255}.MinSizeRel|Win32.ActiveCfg = MinSizeRel|Win32
		{6629878C-B3BD-313A-8ABE-E16C3839F255}.MinSizeRel|Win32.Build.0 = MinSizeRel|Win32
		{6629878C-B3BD-313A-8ABE-E16C3839F255}.RelWithDebInfo|Win32.ActiveCfg = RelWithDebInfo|Win32
		{6629878C-B3BD-313A-8ABE-E16C3839F255}.RelWithDebInfo|Win32.Build.0 = RelWithDebInfo|Win32
		{8BF49F65-A7D8-3291-8877-794CE0E928C2}.Debug|Win32.ActiveCfg = Debug|Win32
		{8BF49F65-A7D8-3291-8877-794CE0E928C2}.Debug|Win32.Build.0 = Debug|Win32
		{8BF49F65-A7D8-3291-8877-794CE0E928C2}.Release|Win32.ActiveCfg = Release|Win32
		{8BF49F65-A7D8-3291-8877-794CE0E928C2}.Release|Win32.Build.0 = Release|Win32
		{8BF49F65-A7D8-3291-8877-794CE0E928C2}.MinSizeRel|Win32.ActiveCfg = MinSizeRel|Win32
		{8BF49F65-A7D8-3291-8877-794CE0E928C2}.MinSizeRel|Win32.Build.0 = MinSizeRel|Win32
		{8BF49F65-A7D8-3291-8877-794CE0E928C2}.RelWithDebInfo|Win32.ActiveCfg = RelWithDebInfo|Win32
		{8BF49F65-A7D8-3291-8877-794CE0E928C2}.RelWithDebInfo|Win32.Build.0 = RelWithDebInfo|Win32
		{D04EDCDF-F89A-3B90-987B-138B26A39B57}.Debug|Win32.ActiveCfg = Debug|Win32
		{D04EDCDF-F89A-3B90-987B-138B26A39B57}.Debug|Win32.Build.0 = Debug|Win32
		{D04EDCDF-F89A-3B90-987B-138B26A39B57}.Release|Win32.ActiveCfg = Release|Win32
		{D04EDCDF-F89A-3B90-987B-138B26A39B57}.Release|Win32.Build.0 = Release|Win32
		{D04EDCDF-F89A-3B90-987B-138B26A39B57}.MinSizeRel|Win32.ActiveCfg = MinSizeRel|Win32
		{D04EDCDF-F89A-3B90-987B-138B26A39B57}.MinSizeRel|Win32.Build.0 = MinSizeRel|Win32
		{D04EDCDF-F89A-3B90-987B-138B26A39B57}.RelWithDebInfo|Win32.ActiveCfg = RelWithDebInfo|Win32
		{D04EDCDF-F89A-3B90-987B-138B26A39B57}.RelWithDebInfo|Win32.Build.0 = RelWithDebInfo|Win32
		{B806D9FA-D71F-38FD-9226-962DBFCBBA9B}.Debug|Win32.ActiveCfg = Debug|Win32
		{B806D9FA-D71F-38FD-9226-962DBFCBBA9B}.Debug|Win32.Build.0 = Debug|Win32
		{B806D9FA-D71F-38FD-9226-962DBFCBBA9B}.Release|Win32.ActiveCfg = Release|Win32
		{B806D9FA-D71F-38FD-9226-962DBFCBBA9B}.Release|Win32.Build.0 = Release|Win32
		{B806D9FA-D71F-38FD-9226-962DBFCBBA9B}.MinSizeRel|Win32.ActiveCfg = MinSizeRel|Win32
		{B806D9FA-D71F-38FD-9226-962DBFCBBA9B}.MinSizeRel|Win32.Build.0 = MinSizeRel|Win32
		{B806D9FA-D71F-38FD-9226-962DBFCBBA9B}.RelWithDebInfo|Win32.ActiveCfg = RelWithDebInfo|Win32
		{B806D9FA-D71F-38FD-9226-962DBFCBBA9B}.RelWithDebInfo|Win32.Build.0 = RelWithDebInfo|Win32
		{EC27A1A2-A173-3CCC-AA27-1C73CEE0CF06}.Debug|Win32.ActiveCfg = Debug|Win32
		{EC27A1A2-A173-3CCC-AA27-1C73CEE0CF06}.Debug|Win32.Build.0 = Debug|Win32
		{EC27A1A2-A173-3CCC-AA27-1C73CEE0CF06}.Release|Win32.ActiveCfg = Release|Win32
		{EC27A1A2-A173-3CCC-AA27-1C73CEE0CF06}.Release|Win32.Build.0 = Release|Win32
		{EC27A1A2-A173-3CCC-AA27-1C73CEE0CF06}.MinSizeRel|Win32.ActiveCfg = MinSizeRel|Win32
		{EC27A1A2-A173-3CCC-AA27-1C73CEE0CF06}.MinSizeRel|Win32.Build.0 = MinSizeRel|Win32
		{EC27A1A2-A173-3CCC-AA27-1C73CEE0CF06}.RelWithDebInfo|Win32.ActiveCfg = RelWithDebInfo|Win32
		{EC27A1A2-A173-3CCC-AA27-1C73CEE0CF06}.RelWithDebInfo|Win32.Build.0 = RelWithDebInfo|Win32
	EndGlobalSection
	GlobalSection(ExtensibilityGlobals) = postSolution
		SolutionGuid = {F3734F14-1F1C-3BD0-9FDB-17F66A85C286}
	EndGlobalSection
	GlobalSection(ExtensibilityAddIns) = postSolution
	EndGlobalSection
EndGlobal
