<?xml version="1.0" encoding="UTF-8"?>
<Project ToolsVersion="15.0" xmlns="http://schemas.microsoft.com/developer/msbuild/2003">
  <ItemGroup>
    <ClCompile Include="C:\Users\marti\Documents\GitHub\autobahn-cpp\examples\parameters.cpp">
      <Filter>Source Files</Filter>
    </ClCompile>
  </ItemGroup>
  <ItemGroup>
    <ClInclude Include="C:\Users\marti\Documents\GitHub\autobahn-cpp\examples\parameters.hpp">
      <Filter>Header Files</Filter>
    </ClInclude>
  </ItemGroup>
  <ItemGroup>
    <CustomBuild Include="C:\Users\marti\Documents\GitHub\autobahn-cpp\examples\CMakeLists.txt" />
  </ItemGroup>
  <ItemGroup>
    <Filter Include="Source Files">
      <UniqueIdentifier>{2E115168-9AF0-3205-8F20-6AC8D452DE2A}</UniqueIdentifier>
    </Filter>
    <Filter Include="Header Files">
      <UniqueIdentifier>{BBC6BF9A-6D89-3985-8FD9-EF8470005B44}</UniqueIdentifier>
    </Filter>
  </ItemGroup>
</Project>
