<?xml version="1.0" encoding="UTF-8"?>
<Project ToolsVersion="15.0" xmlns="http://schemas.microsoft.com/developer/msbuild/2003">
  <ItemGroup>
    <ClCompile Include="C:\Users\marti\Documents\Crossbar.git\autobahn-cpp\examples\parameters.cpp">
      <Filter>Source Files</Filter>
    </ClCompile>
  </ItemGroup>
  <ItemGroup>
    <ClInclude Include="C:\Users\marti\Documents\Crossbar.git\autobahn-cpp\examples\parameters.hpp">
      <Filter>Header Files</Filter>
    </ClInclude>
  </ItemGroup>
  <ItemGroup>
    <CustomBuild Include="C:\Users\marti\Documents\kikis-cpp\SRC\CMakeLists.txt" />
  </ItemGroup>
  <ItemGroup>
    <Filter Include="Source Files">
      <UniqueIdentifier>{1FA68E3C-9885-3FE0-884E-F566718AE9B9}</UniqueIdentifier>
    </Filter>
    <Filter Include="Header Files">
      <UniqueIdentifier>{0FD6FC75-4B58-3FF4-8196-AAB74E771246}</UniqueIdentifier>
    </Filter>
  </ItemGroup>
</Project>
